// !$*UTF8*$!
{
	archiveVersion = 1;
	classes = {
	};
	objectVersion = 46;
	objects = {

/* Begin PBXBuildFile section */
		092558E41B31041C0083F797 /* main.m in Sources */ = {isa = PBXBuildFile; fileRef = 092558E31B31041C0083F797 /* main.m */; };
		092558EB1B3104AC0083F797 /* QuartzCore.framework in Frameworks */ = {isa = PBXBuildFile; fileRef = 092558EA1B3104AC0083F797 /* QuartzCore.framework */; };
		092558F11B3185FF0083F797 /* CIColor+X11ColorName.m in Sources */ = {isa = PBXBuildFile; fileRef = 092558F01B3185FF0083F797 /* CIColor+X11ColorName.m */; };
		092558F41B3242BF0083F797 /* CIImage+PatternName.m in Sources */ = {isa = PBXBuildFile; fileRef = 092558F31B3242BF0083F797 /* CIImage+PatternName.m */; };
		099F1DBC1B41701F004DA810 /* cifio.m in Sources */ = {isa = PBXBuildFile; fileRef = 099F1DBA1B41701F004DA810 /* cifio.m */; };
		099F1DBF1B417122004DA810 /* ciferr.m in Sources */ = {isa = PBXBuildFile; fileRef = 099F1DBD1B417122004DA810 /* ciferr.m */; };
/* End PBXBuildFile section */

/* Begin PBXCopyFilesBuildPhase section */
		092558DE1B31041C0083F797 /* CopyFiles */ = {
			isa = PBXCopyFilesBuildPhase;
			buildActionMask = 2147483647;
			dstPath = /usr/share/man/man1/;
			dstSubfolderSpec = 0;
			files = (
			);
			runOnlyForDeploymentPostprocessing = 1;
		};
/* End PBXCopyFilesBuildPhase section */

/* Begin PBXFileReference section */
		092558E01B31041C0083F797 /* cif */ = {isa = PBXFileReference; explicitFileType = "compiled.mach-o.executable"; includeInIndex = 0; path = cif; sourceTree = BUILT_PRODUCTS_DIR; };
		092558E31B31041C0083F797 /* main.m */ = {isa = PBXFileReference; lastKnownFileType = sourcecode.c.objc; path = main.m; sourceTree = "<group>"; };
		092558EA1B3104AC0083F797 /* QuartzCore.framework */ = {isa = PBXFileReference; lastKnownFileType = wrapper.framework; name = QuartzCore.framework; path = System/Library/Frameworks/QuartzCore.framework; sourceTree = SDKROOT; };
		092558EF1B3185FF0083F797 /* CIColor+X11ColorName.h */ = {isa = PBXFileReference; fileEncoding = 4; lastKnownFileType = sourcecode.c.h; path = "CIColor+X11ColorName.h"; sourceTree = "<group>"; };
		092558F01B3185FF0083F797 /* CIColor+X11ColorName.m */ = {isa = PBXFileReference; fileEncoding = 4; lastKnownFileType = sourcecode.c.objc; path = "CIColor+X11ColorName.m"; sourceTree = "<group>"; };
		092558F21B3242BF0083F797 /* CIImage+PatternName.h */ = {isa = PBXFileReference; fileEncoding = 4; lastKnownFileType = sourcecode.c.h; path = "CIImage+PatternName.h"; sourceTree = "<group>"; };
		092558F31B3242BF0083F797 /* CIImage+PatternName.m */ = {isa = PBXFileReference; fileEncoding = 4; lastKnownFileType = sourcecode.c.objc; path = "CIImage+PatternName.m"; sourceTree = "<group>"; };
		092558F51B32EF190083F797 /* README.md */ = {isa = PBXFileReference; fileEncoding = 4; lastKnownFileType = net.daringfireball.markdown; path = README.md; sourceTree = SOURCE_ROOT; };
		092558F81B3357A40083F797 /* CifGetOpt.sh */ = {isa = PBXFileReference; lastKnownFileType = text.script.sh; path = CifGetOpt.sh; sourceTree = "<group>"; };
		099F1DBA1B41701F004DA810 /* cifio.m */ = {isa = PBXFileReference; fileEncoding = 4; lastKnownFileType = sourcecode.c.objc; path = cifio.m; sourceTree = "<group>"; };
		099F1DBB1B41701F004DA810 /* cifio.h */ = {isa = PBXFileReference; fileEncoding = 4; lastKnownFileType = sourcecode.c.h; path = cifio.h; sourceTree = "<group>"; };
		099F1DBD1B417122004DA810 /* ciferr.m */ = {isa = PBXFileReference; fileEncoding = 4; lastKnownFileType = sourcecode.c.objc; path = ciferr.m; sourceTree = "<group>"; };
		099F1DBE1B417122004DA810 /* ciferr.h */ = {isa = PBXFileReference; fileEncoding = 4; lastKnownFileType = sourcecode.c.h; path = ciferr.h; sourceTree = "<group>"; };
/* End PBXFileReference section */

/* Begin PBXFrameworksBuildPhase section */
		092558DD1B31041C0083F797 /* Frameworks */ = {
			isa = PBXFrameworksBuildPhase;
			buildActionMask = 2147483647;
			files = (
				092558EB1B3104AC0083F797 /* QuartzCore.framework in Frameworks */,
			);
			runOnlyForDeploymentPostprocessing = 0;
		};
/* End PBXFrameworksBuildPhase section */

/* Begin PBXGroup section */
		092558D71B31041C0083F797 = {
			isa = PBXGroup;
			children = (
				092558F71B32EF340083F797 /* docs */,
				092558EA1B3104AC0083F797 /* QuartzCore.framework */,
				092558E21B31041C0083F797 /* cif */,
				092558E11B31041C0083F797 /* Products */,
			);
			sourceTree = "<group>";
		};
		092558E11B31041C0083F797 /* Products */ = {
			isa = PBXGroup;
			children = (
				092558E01B31041C0083F797 /* cif */,
			);
			name = Products;
			sourceTree = "<group>";
		};
		092558E21B31041C0083F797 /* cif */ = {
			isa = PBXGroup;
			children = (
				092558EF1B3185FF0083F797 /* CIColor+X11ColorName.h */,
				092558F01B3185FF0083F797 /* CIColor+X11ColorName.m */,
				092558F21B3242BF0083F797 /* CIImage+PatternName.h */,
				092558F31B3242BF0083F797 /* CIImage+PatternName.m */,
				092558E31B31041C0083F797 /* main.m */,
				099F1DBA1B41701F004DA810 /* cifio.m */,
				099F1DBB1B41701F004DA810 /* cifio.h */,
				099F1DBD1B417122004DA810 /* ciferr.m */,
				099F1DBE1B417122004DA810 /* ciferr.h */,
			);
			path = cif;
			sourceTree = "<group>";
		};
		092558F71B32EF340083F797 /* docs */ = {
			isa = PBXGroup;
			children = (
				092558F51B32EF190083F797 /* README.md */,
				092558F81B3357A40083F797 /* CifGetOpt.sh */,
			);
			name = docs;
			sourceTree = "<group>";
		};
/* End PBXGroup section */

/* Begin PBXNativeTarget section */
		092558DF1B31041C0083F797 /* cif */ = {
			isa = PBXNativeTarget;
			buildConfigurationList = 092558E71B31041C0083F797 /* Build configuration list for PBXNativeTarget "cif" */;
			buildPhases = (
				092558DC1B31041C0083F797 /* Sources */,
				092558DD1B31041C0083F797 /* Frameworks */,
				092558DE1B31041C0083F797 /* CopyFiles */,
			);
			buildRules = (
			);
			dependencies = (
			);
			name = cif;
			productName = cif;
			productReference = 092558E01B31041C0083F797 /* cif */;
			productType = "com.apple.product-type.tool";
		};
/* End PBXNativeTarget section */

/* Begin PBXProject section */
		092558D81B31041C0083F797 /* Project object */ = {
			isa = PBXProject;
			attributes = {
				LastUpgradeCheck = 0630;
				ORGANIZATIONNAME = "Eric McConville";
				TargetAttributes = {
					092558DF1B31041C0083F797 = {
						CreatedOnToolsVersion = 6.3.2;
					};
				};
			};
			buildConfigurationList = 092558DB1B31041C0083F797 /* Build configuration list for PBXProject "cif" */;
			compatibilityVersion = "Xcode 3.2";
			developmentRegion = English;
			hasScannedForEncodings = 0;
			knownRegions = (
				en,
			);
			mainGroup = 092558D71B31041C0083F797;
			productRefGroup = 092558E11B31041C0083F797 /* Products */;
			projectDirPath = "";
			projectRoot = "";
			targets = (
				092558DF1B31041C0083F797 /* cif */,
			);
		};
/* End PBXProject section */

/* Begin PBXSourcesBuildPhase section */
		092558DC1B31041C0083F797 /* Sources */ = {
			isa = PBXSourcesBuildPhase;
			buildActionMask = 2147483647;
			files = (
				092558F41B3242BF0083F797 /* CIImage+PatternName.m in Sources */,
				099F1DBF1B417122004DA810 /* ciferr.m in Sources */,
				092558F11B3185FF0083F797 /* CIColor+X11ColorName.m in Sources */,
				099F1DBC1B41701F004DA810 /* cifio.m in Sources */,
				092558E41B31041C0083F797 /* main.m in Sources */,
			);
			runOnlyForDeploymentPostprocessing = 0;
		};
/* End PBXSourcesBuildPhase section */

/* Begin XCBuildConfiguration section */
		092558E51B31041C0083F797 /* Debug */ = {
			isa = XCBuildConfiguration;
			buildSettings = {
				ALWAYS_SEARCH_USER_PATHS = NO;
				CLANG_CXX_LANGUAGE_STANDARD = "gnu++0x";
				CLANG_CXX_LIBRARY = "libc++";
				CLANG_ENABLE_MODULES = YES;
				CLANG_ENABLE_OBJC_ARC = YES;
				CLANG_WARN_BOOL_CONVERSION = YES;
				CLANG_WARN_CONSTANT_CONVERSION = YES;
				CLANG_WARN_DIRECT_OBJC_ISA_USAGE = YES_ERROR;
				CLANG_WARN_EMPTY_BODY = YES;
				CLANG_WARN_ENUM_CONVERSION = YES;
				CLANG_WARN_INT_CONVERSION = YES;
				CLANG_WARN_OBJC_ROOT_CLASS = YES_ERROR;
				CLANG_WARN_UNREACHABLE_CODE = YES;
				CLANG_WARN__DUPLICATE_METHOD_MATCH = YES;
				COPY_PHASE_STRIP = NO;
				CURRENT_PROJECT_VERSION = "";
				DEBUG_INFORMATION_FORMAT = dwarf;
				ENABLE_STRICT_OBJC_MSGSEND = YES;
				GCC_C_LANGUAGE_STANDARD = gnu99;
				GCC_DYNAMIC_NO_PIC = NO;
				GCC_NO_COMMON_BLOCKS = YES;
				GCC_OPTIMIZATION_LEVEL = 0;
				GCC_PREPROCESSOR_DEFINITIONS = (
					"DEBUG=1",
					"$(inherited)",
				);
				GCC_SYMBOLS_PRIVATE_EXTERN = NO;
				GCC_WARN_64_TO_32_BIT_CONVERSION = YES;
				GCC_WARN_ABOUT_RETURN_TYPE = YES_ERROR;
				GCC_WARN_UNDECLARED_SELECTOR = YES;
				GCC_WARN_UNINITIALIZED_AUTOS = YES_AGGRESSIVE;
				GCC_WARN_UNUSED_FUNCTION = YES;
				GCC_WARN_UNUSED_VARIABLE = YES;
				MACOSX_DEPLOYMENT_TARGET = 10.10;
				MTL_ENABLE_DEBUG_INFO = YES;
				ONLY_ACTIVE_ARCH = YES;
				SDKROOT = macosx;
			};
			name = Debug;
		};
		092558E61B31041C0083F797 /* Release */ = {
			isa = XCBuildConfiguration;
			buildSettings = {
				ALWAYS_SEARCH_USER_PATHS = NO;
				CLANG_CXX_LANGUAGE_STANDARD = "gnu++0x";
				CLANG_CXX_LIBRARY = "libc++";
				CLANG_ENABLE_MODULES = YES;
				CLANG_ENABLE_OBJC_ARC = YES;
				CLANG_WARN_BOOL_CONVERSION = YES;
				CLANG_WARN_CONSTANT_CONVERSION = YES;
				CLANG_WARN_DIRECT_OBJC_ISA_USAGE = YES_ERROR;
				CLANG_WARN_EMPTY_BODY = YES;
				CLANG_WARN_ENUM_CONVERSION = YES;
				CLANG_WARN_INT_CONVERSION = YES;
				CLANG_WARN_OBJC_ROOT_CLASS = YES_ERROR;
				CLANG_WARN_UNREACHABLE_CODE = YES;
				CLANG_WARN__DUPLICATE_METHOD_MATCH = YES;
				COPY_PHASE_STRIP = NO;
				CURRENT_PROJECT_VERSION = "";
				DEBUG_INFORMATION_FORMAT = "dwarf-with-dsym";
				ENABLE_NS_ASSERTIONS = NO;
				ENABLE_STRICT_OBJC_MSGSEND = YES;
				GCC_C_LANGUAGE_STANDARD = gnu99;
				GCC_NO_COMMON_BLOCKS = YES;
				GCC_WARN_64_TO_32_BIT_CONVERSION = YES;
				GCC_WARN_ABOUT_RETURN_TYPE = YES_ERROR;
				GCC_WARN_UNDECLARED_SELECTOR = YES;
				GCC_WARN_UNINITIALIZED_AUTOS = YES_AGGRESSIVE;
				GCC_WARN_UNUSED_FUNCTION = YES;
				GCC_WARN_UNUSED_VARIABLE = YES;
				MACOSX_DEPLOYMENT_TARGET = 10.10;
				MTL_ENABLE_DEBUG_INFO = NO;
				SDKROOT = macosx;
			};
			name = Release;
		};
		092558E81B31041C0083F797 /* Debug */ = {
			isa = XCBuildConfiguration;
			buildSettings = {
				COPY_PHASE_STRIP = YES;
				PRODUCT_NAME = "$(TARGET_NAME)";
				SYMROOT = /tmp/cif.dst;
			};
			name = Debug;
		};
		092558E91B31041C0083F797 /* Release */ = {
			isa = XCBuildConfiguration;
			buildSettings = {
				COPY_PHASE_STRIP = YES;
				DEBUG_INFORMATION_FORMAT = dwarf;
				PRODUCT_NAME = "$(TARGET_NAME)";
				SYMROOT = /tmp/cif.dst;
			};
			name = Release;
		};
/* End XCBuildConfiguration section */

/* Begin XCConfigurationList section */
		092558DB1B31041C0083F797 /* Build configuration list for PBXProject "cif" */ = {
			isa = XCConfigurationList;
			buildConfigurations = (
				092558E51B31041C0083F797 /* Debug */,
				092558E61B31041C0083F797 /* Release */,
			);
			defaultConfigurationIsVisible = 0;
			defaultConfigurationName = Release;
		};
		092558E71B31041C0083F797 /* Build configuration list for PBXNativeTarget "cif" */ = {
			isa = XCConfigurationList;
			buildConfigurations = (
				092558E81B31041C0083F797 /* Debug */,
				092558E91B31041C0083F797 /* Release */,
			);
			defaultConfigurationIsVisible = 0;
			defaultConfigurationName = Release;
		};
/* End XCConfigurationList section */
	};
	rootObject = 092558D81B31041C0083F797 /* Project object */;
}
